// !$*UTF8*$!
{
	archiveVersion = 1;
	classes = {
	};
	objectVersion = 46;
	objects = {

/* Begin PBXBuildFile section */
		4371D9AA1C4F87E60065E76E /* AppDelegate.swift in Sources */ = {isa = PBXBuildFile; fileRef = 4371D9A91C4F87E60065E76E /* AppDelegate.swift */; };
		4371D9AC1C4F87E60065E76E /* ViewController.swift in Sources */ = {isa = PBXBuildFile; fileRef = 4371D9AB1C4F87E60065E76E /* ViewController.swift */; };
		4371D9AF1C4F87E60065E76E /* Main.storyboard in Resources */ = {isa = PBXBuildFile; fileRef = 4371D9AD1C4F87E60065E76E /* Main.storyboard */; };
		4371D9B11C4F87E60065E76E /* Assets.xcassets in Resources */ = {isa = PBXBuildFile; fileRef = 4371D9B01C4F87E60065E76E /* Assets.xcassets */; };
		4371D9B41C4F87E60065E76E /* LaunchScreen.storyboard in Resources */ = {isa = PBXBuildFile; fileRef = 4371D9B21C4F87E60065E76E /* LaunchScreen.storyboard */; };
		4371D9CB1C4F88300065E76E /* PhotoUploadViewController.swift in Sources */ = {isa = PBXBuildFile; fileRef = 4371D9C91C4F88300065E76E /* PhotoUploadViewController.swift */; };
		4371D9CC1C4F88300065E76E /* PhotoUploader.swift in Sources */ = {isa = PBXBuildFile; fileRef = 4371D9CA1C4F88300065E76E /* PhotoUploader.swift */; };
		4371D9CE1C4F883F0065E76E /* PhotoUploadViewControllerSpec.swift in Sources */ = {isa = PBXBuildFile; fileRef = 4371D9CD1C4F883F0065E76E /* PhotoUploadViewControllerSpec.swift */; };
		4371D9D11C4F886A0065E76E /* UIBarButtonItemExtension.swift in Sources */ = {isa = PBXBuildFile; fileRef = 4371D9D01C4F886A0065E76E /* UIBarButtonItemExtension.swift */; };
		5569CCC6364984BA1636B678 /* Pods_bdd_presentation_specs.framework in Frameworks */ = {isa = PBXBuildFile; fileRef = CCA31BD84A868A3D2A20056E /* Pods_bdd_presentation_specs.framework */; };
/* End PBXBuildFile section */

/* Begin PBXContainerItemProxy section */
		4371D9C41C4F87F20065E76E /* PBXContainerItemProxy */ = {
			isa = PBXContainerItemProxy;
			containerPortal = 4371D99E1C4F87E60065E76E /* Project object */;
			proxyType = 1;
			remoteGlobalIDString = 4371D9A51C4F87E60065E76E;
			remoteInfo = "bdd-presentation";
		};
/* End PBXContainerItemProxy section */

/* Begin PBXFileReference section */
		4371D9A61C4F87E60065E76E /* bdd-presentation.app */ = {isa = PBXFileReference; explicitFileType = wrapper.application; includeInIndex = 0; path = "bdd-presentation.app"; sourceTree = BUILT_PRODUCTS_DIR; };
		4371D9A91C4F87E60065E76E /* AppDelegate.swift */ = {isa = PBXFileReference; lastKnownFileType = sourcecode.swift; path = AppDelegate.swift; sourceTree = "<group>"; };
		4371D9AB1C4F87E60065E76E /* ViewController.swift */ = {isa = PBXFileReference; lastKnownFileType = sourcecode.swift; path = ViewController.swift; sourceTree = "<group>"; };
		4371D9AE1C4F87E60065E76E /* Base */ = {isa = PBXFileReference; lastKnownFileType = file.storyboard; name = Base; path = Base.lproj/Main.storyboard; sourceTree = "<group>"; };
		4371D9B01C4F87E60065E76E /* Assets.xcassets */ = {isa = PBXFileReference; lastKnownFileType = folder.assetcatalog; path = Assets.xcassets; sourceTree = "<group>"; };
		4371D9B31C4F87E60065E76E /* Base */ = {isa = PBXFileReference; lastKnownFileType = file.storyboard; name = Base; path = Base.lproj/LaunchScreen.storyboard; sourceTree = "<group>"; };
		4371D9B51C4F87E60065E76E /* Info.plist */ = {isa = PBXFileReference; lastKnownFileType = text.plist.xml; path = Info.plist; sourceTree = "<group>"; };
		4371D9BF1C4F87F20065E76E /* bdd-presentation-specs.xctest */ = {isa = PBXFileReference; explicitFileType = wrapper.cfbundle; includeInIndex = 0; path = "bdd-presentation-specs.xctest"; sourceTree = BUILT_PRODUCTS_DIR; };
		4371D9C31C4F87F20065E76E /* Info.plist */ = {isa = PBXFileReference; lastKnownFileType = text.plist.xml; path = Info.plist; sourceTree = "<group>"; };
		4371D9C91C4F88300065E76E /* PhotoUploadViewController.swift */ = {isa = PBXFileReference; fileEncoding = 4; lastKnownFileType = sourcecode.swift; path = PhotoUploadViewController.swift; sourceTree = "<group>"; };
		4371D9CA1C4F88300065E76E /* PhotoUploader.swift */ = {isa = PBXFileReference; fileEncoding = 4; lastKnownFileType = sourcecode.swift; path = PhotoUploader.swift; sourceTree = "<group>"; };
		4371D9CD1C4F883F0065E76E /* PhotoUploadViewControllerSpec.swift */ = {isa = PBXFileReference; fileEncoding = 4; lastKnownFileType = sourcecode.swift; path = PhotoUploadViewControllerSpec.swift; sourceTree = "<group>"; };
		4371D9D01C4F886A0065E76E /* UIBarButtonItemExtension.swift */ = {isa = PBXFileReference; fileEncoding = 4; lastKnownFileType = sourcecode.swift; path = UIBarButtonItemExtension.swift; sourceTree = "<group>"; };
		53AB629F5B8A310B8479AAD1 /* Pods-bdd-presentation-specs.release.xcconfig */ = {isa = PBXFileReference; includeInIndex = 1; lastKnownFileType = text.xcconfig; name = "Pods-bdd-presentation-specs.release.xcconfig"; path = "Pods/Target Support Files/Pods-bdd-presentation-specs/Pods-bdd-presentation-specs.release.xcconfig"; sourceTree = "<group>"; };
		A58F1556C327B7861FE65B64 /* Pods-bdd-presentation-specs.debug.xcconfig */ = {isa = PBXFileReference; includeInIndex = 1; lastKnownFileType = text.xcconfig; name = "Pods-bdd-presentation-specs.debug.xcconfig"; path = "Pods/Target Support Files/Pods-bdd-presentation-specs/Pods-bdd-presentation-specs.debug.xcconfig"; sourceTree = "<group>"; };
		CCA31BD84A868A3D2A20056E /* Pods_bdd_presentation_specs.framework */ = {isa = PBXFileReference; explicitFileType = wrapper.framework; includeInIndex = 0; path = Pods_bdd_presentation_specs.framework; sourceTree = BUILT_PRODUCTS_DIR; };
/* End PBXFileReference section */

/* Begin PBXFrameworksBuildPhase section */
		4371D9A31C4F87E60065E76E /* Frameworks */ = {
			isa = PBXFrameworksBuildPhase;
			buildActionMask = 2147483647;
			files = (
			);
			runOnlyForDeploymentPostprocessing = 0;
		};
		4371D9BC1C4F87F20065E76E /* Frameworks */ = {
			isa = PBXFrameworksBuildPhase;
			buildActionMask = 2147483647;
			files = (
				5569CCC6364984BA1636B678 /* Pods_bdd_presentation_specs.framework in Frameworks */,
			);
			runOnlyForDeploymentPostprocessing = 0;
		};
/* End PBXFrameworksBuildPhase section */

/* Begin PBXGroup section */
		4371D99D1C4F87E60065E76E = {
			isa = PBXGroup;
			children = (
				4371D9A81C4F87E60065E76E /* bdd-presentation */,
				4371D9C01C4F87F20065E76E /* bdd-presentation-specs */,
				4371D9A71C4F87E60065E76E /* Products */,
				BCCE2E2889E4100A564CB2DB /* Pods */,
				B704C8868F1CEBBFEC178FF1 /* Frameworks */,
			);
			sourceTree = "<group>";
		};
		4371D9A71C4F87E60065E76E /* Products */ = {
			isa = PBXGroup;
			children = (
				4371D9A61C4F87E60065E76E /* bdd-presentation.app */,
				4371D9BF1C4F87F20065E76E /* bdd-presentation-specs.xctest */,
			);
			name = Products;
			sourceTree = "<group>";
		};
		4371D9A81C4F87E60065E76E /* bdd-presentation */ = {
			isa = PBXGroup;
			children = (
				4371D9A91C4F87E60065E76E /* AppDelegate.swift */,
				4371D9AB1C4F87E60065E76E /* ViewController.swift */,
				4371D9AD1C4F87E60065E76E /* Main.storyboard */,
				4371D9B01C4F87E60065E76E /* Assets.xcassets */,
				4371D9B21C4F87E60065E76E /* LaunchScreen.storyboard */,
				4371D9B51C4F87E60065E76E /* Info.plist */,
				4371D9C91C4F88300065E76E /* PhotoUploadViewController.swift */,
				4371D9CA1C4F88300065E76E /* PhotoUploader.swift */,
			);
			path = "bdd-presentation";
			sourceTree = "<group>";
		};
		4371D9C01C4F87F20065E76E /* bdd-presentation-specs */ = {
			isa = PBXGroup;
			children = (
				4371D9CF1C4F885C0065E76E /* Helpers */,
				4371D9CD1C4F883F0065E76E /* PhotoUploadViewControllerSpec.swift */,
				4371D9C31C4F87F20065E76E /* Info.plist */,
			);
			path = "bdd-presentation-specs";
			sourceTree = "<group>";
		};
		4371D9CF1C4F885C0065E76E /* Helpers */ = {
			isa = PBXGroup;
			children = (
				4371D9D01C4F886A0065E76E /* UIBarButtonItemExtension.swift */,
			);
			path = Helpers;
			sourceTree = "<group>";
		};
		B704C8868F1CEBBFEC178FF1 /* Frameworks */ = {
			isa = PBXGroup;
			children = (
				CCA31BD84A868A3D2A20056E /* Pods_bdd_presentation_specs.framework */,
			);
			name = Frameworks;
			sourceTree = "<group>";
		};
		BCCE2E2889E4100A564CB2DB /* Pods */ = {
			isa = PBXGroup;
			children = (
				A58F1556C327B7861FE65B64 /* Pods-bdd-presentation-specs.debug.xcconfig */,
				53AB629F5B8A310B8479AAD1 /* Pods-bdd-presentation-specs.release.xcconfig */,
			);
			name = Pods;
			sourceTree = "<group>";
		};
/* End PBXGroup section */

/* Begin PBXNativeTarget section */
		4371D9A51C4F87E60065E76E /* bdd-presentation */ = {
			isa = PBXNativeTarget;
			buildConfigurationList = 4371D9B81C4F87E60065E76E /* Build configuration list for PBXNativeTarget "bdd-presentation" */;
			buildPhases = (
				4371D9A21C4F87E60065E76E /* Sources */,
				4371D9A31C4F87E60065E76E /* Frameworks */,
				4371D9A41C4F87E60065E76E /* Resources */,
			);
			buildRules = (
			);
			dependencies = (
			);
			name = "bdd-presentation";
			productName = "bdd-presentation";
			productReference = 4371D9A61C4F87E60065E76E /* bdd-presentation.app */;
			productType = "com.apple.product-type.application";
		};
		4371D9BE1C4F87F20065E76E /* bdd-presentation-specs */ = {
			isa = PBXNativeTarget;
			buildConfigurationList = 4371D9C61C4F87F20065E76E /* Build configuration list for PBXNativeTarget "bdd-presentation-specs" */;
			buildPhases = (
				F3A3C883C46F4A740CB9E611 /* [CP] Check Pods Manifest.lock */,
				4371D9BB1C4F87F20065E76E /* Sources */,
				4371D9BC1C4F87F20065E76E /* Frameworks */,
				4371D9BD1C4F87F20065E76E /* Resources */,
				561E6B53786F1C941AA2F2C4 /* [CP] Embed Pods Frameworks */,
				9B453ED1755E72305DB4CC26 /* [CP] Copy Pods Resources */,
			);
			buildRules = (
			);
			dependencies = (
				4371D9C51C4F87F20065E76E /* PBXTargetDependency */,
			);
			name = "bdd-presentation-specs";
			productName = "bdd-presentation-specs";
			productReference = 4371D9BF1C4F87F20065E76E /* bdd-presentation-specs.xctest */;
			productType = "com.apple.product-type.bundle.unit-test";
		};
/* End PBXNativeTarget section */

/* Begin PBXProject section */
		4371D99E1C4F87E60065E76E /* Project object */ = {
			isa = PBXProject;
			attributes = {
				LastSwiftUpdateCheck = 0720;
				LastUpgradeCheck = 0820;
				ORGANIZATIONNAME = "Paweł Dudek";
				TargetAttributes = {
					4371D9A51C4F87E60065E76E = {
						CreatedOnToolsVersion = 7.2;
						DevelopmentTeam = 287LWMYEQ7;
						LastSwiftMigration = 0810;
					};
					4371D9BE1C4F87F20065E76E = {
						CreatedOnToolsVersion = 7.2;
						LastSwiftMigration = 0810;
						TestTargetID = 4371D9A51C4F87E60065E76E;
					};
				};
			};
			buildConfigurationList = 4371D9A11C4F87E60065E76E /* Build configuration list for PBXProject "bdd-presentation" */;
			compatibilityVersion = "Xcode 3.2";
			developmentRegion = English;
			hasScannedForEncodings = 0;
			knownRegions = (
				en,
				Base,
			);
			mainGroup = 4371D99D1C4F87E60065E76E;
			productRefGroup = 4371D9A71C4F87E60065E76E /* Products */;
			projectDirPath = "";
			projectRoot = "";
			targets = (
				4371D9A51C4F87E60065E76E /* bdd-presentation */,
				4371D9BE1C4F87F20065E76E /* bdd-presentation-specs */,
			);
		};
/* End PBXProject section */

/* Begin PBXResourcesBuildPhase section */
		4371D9A41C4F87E60065E76E /* Resources */ = {
			isa = PBXResourcesBuildPhase;
			buildActionMask = 2147483647;
			files = (
				4371D9B41C4F87E60065E76E /* LaunchScreen.storyboard in Resources */,
				4371D9B11C4F87E60065E76E /* Assets.xcassets in Resources */,
				4371D9AF1C4F87E60065E76E /* Main.storyboard in Resources */,
			);
			runOnlyForDeploymentPostprocessing = 0;
		};
		4371D9BD1C4F87F20065E76E /* Resources */ = {
			isa = PBXResourcesBuildPhase;
			buildActionMask = 2147483647;
			files = (
			);
			runOnlyForDeploymentPostprocessing = 0;
		};
/* End PBXResourcesBuildPhase section */

/* Begin PBXShellScriptBuildPhase section */
		561E6B53786F1C941AA2F2C4 /* [CP] Embed Pods Frameworks */ = {
			isa = PBXShellScriptBuildPhase;
			buildActionMask = 2147483647;
			files = (
			);
			inputPaths = (
			);
			name = "[CP] Embed Pods Frameworks";
			outputPaths = (
			);
			runOnlyForDeploymentPostprocessing = 0;
			shellPath = /bin/sh;
			shellScript = "\"${SRCROOT}/Pods/Target Support Files/Pods-bdd-presentation-specs/Pods-bdd-presentation-specs-frameworks.sh\"\n";
			showEnvVarsInLog = 0;
		};
		9B453ED1755E72305DB4CC26 /* [CP] Copy Pods Resources */ = {
			isa = PBXShellScriptBuildPhase;
			buildActionMask = 2147483647;
			files = (
			);
			inputPaths = (
			);
			name = "[CP] Copy Pods Resources";
			outputPaths = (
			);
			runOnlyForDeploymentPostprocessing = 0;
			shellPath = /bin/sh;
			shellScript = "\"${SRCROOT}/Pods/Target Support Files/Pods-bdd-presentation-specs/Pods-bdd-presentation-specs-resources.sh\"\n";
			showEnvVarsInLog = 0;
		};
		F3A3C883C46F4A740CB9E611 /* [CP] Check Pods Manifest.lock */ = {
			isa = PBXShellScriptBuildPhase;
			buildActionMask = 2147483647;
			files = (
			);
			inputPaths = (
			);
			name = "[CP] Check Pods Manifest.lock";
			outputPaths = (
			);
			runOnlyForDeploymentPostprocessing = 0;
			shellPath = /bin/sh;
			shellScript = "diff \"${PODS_ROOT}/../Podfile.lock\" \"${PODS_ROOT}/Manifest.lock\" > /dev/null\nif [ $? != 0 ] ; then\n    # print error to STDERR\n    echo \"error: The sandbox is not in sync with the Podfile.lock. Run 'pod install' or update your CocoaPods installation.\" >&2\n    exit 1\nfi\n";
			showEnvVarsInLog = 0;
		};
/* End PBXShellScriptBuildPhase section */

/* Begin PBXSourcesBuildPhase section */
		4371D9A21C4F87E60065E76E /* Sources */ = {
			isa = PBXSourcesBuildPhase;
			buildActionMask = 2147483647;
			files = (
				4371D9CC1C4F88300065E76E /* PhotoUploader.swift in Sources */,
				4371D9AC1C4F87E60065E76E /* ViewController.swift in Sources */,
				4371D9AA1C4F87E60065E76E /* AppDelegate.swift in Sources */,
				4371D9CB1C4F88300065E76E /* PhotoUploadViewController.swift in Sources */,
			);
			runOnlyForDeploymentPostprocessing = 0;
		};
		4371D9BB1C4F87F20065E76E /* Sources */ = {
			isa = PBXSourcesBuildPhase;
			buildActionMask = 2147483647;
			files = (
				4371D9D11C4F886A0065E76E /* UIBarButtonItemExtension.swift in Sources */,
				4371D9CE1C4F883F0065E76E /* PhotoUploadViewControllerSpec.swift in Sources */,
			);
			runOnlyForDeploymentPostprocessing = 0;
		};
/* End PBXSourcesBuildPhase section */

/* Begin PBXTargetDependency section */
		4371D9C51C4F87F20065E76E /* PBXTargetDependency */ = {
			isa = PBXTargetDependency;
			target = 4371D9A51C4F87E60065E76E /* bdd-presentation */;
			targetProxy = 4371D9C41C4F87F20065E76E /* PBXContainerItemProxy */;
		};
/* End PBXTargetDependency section */

/* Begin PBXVariantGroup section */
		4371D9AD1C4F87E60065E76E /* Main.storyboard */ = {
			isa = PBXVariantGroup;
			children = (
				4371D9AE1C4F87E60065E76E /* Base */,
			);
			name = Main.storyboard;
			sourceTree = "<group>";
		};
		4371D9B21C4F87E60065E76E /* LaunchScreen.storyboard */ = {
			isa = PBXVariantGroup;
			children = (
				4371D9B31C4F87E60065E76E /* Base */,
			);
			name = LaunchScreen.storyboard;
			sourceTree = "<group>";
		};
/* End PBXVariantGroup section */

/* Begin XCBuildConfiguration section */
		4371D9B61C4F87E60065E76E /* Debug */ = {
			isa = XCBuildConfiguration;
			buildSettings = {
				ALWAYS_SEARCH_USER_PATHS = NO;
				CLANG_CXX_LANGUAGE_STANDARD = "gnu++0x";
				CLANG_CXX_LIBRARY = "libc++";
				CLANG_ENABLE_MODULES = YES;
				CLANG_ENABLE_OBJC_ARC = YES;
				CLANG_WARN_BOOL_CONVERSION = YES;
				CLANG_WARN_CONSTANT_CONVERSION = YES;
				CLANG_WARN_DIRECT_OBJC_ISA_USAGE = YES_ERROR;
				CLANG_WARN_EMPTY_BODY = YES;
				CLANG_WARN_ENUM_CONVERSION = YES;
				CLANG_WARN_INFINITE_RECURSION = YES;
				CLANG_WARN_INT_CONVERSION = YES;
				CLANG_WARN_OBJC_ROOT_CLASS = YES_ERROR;
				CLANG_WARN_SUSPICIOUS_MOVE = YES;
				CLANG_WARN_UNREACHABLE_CODE = YES;
				CLANG_WARN__DUPLICATE_METHOD_MATCH = YES;
				"CODE_SIGN_IDENTITY[sdk=iphoneos*]" = "iPhone Developer";
				COPY_PHASE_STRIP = NO;
				DEBUG_INFORMATION_FORMAT = dwarf;
				ENABLE_STRICT_OBJC_MSGSEND = YES;
				ENABLE_TESTABILITY = YES;
				GCC_C_LANGUAGE_STANDARD = gnu99;
				GCC_DYNAMIC_NO_PIC = NO;
				GCC_NO_COMMON_BLOCKS = YES;
				GCC_OPTIMIZATION_LEVEL = 0;
				GCC_PREPROCESSOR_DEFINITIONS = (
					"DEBUG=1",
					"$(inherited)",
				);
				GCC_WARN_64_TO_32_BIT_CONVERSION = YES;
				GCC_WARN_ABOUT_RETURN_TYPE = YES_ERROR;
				GCC_WARN_UNDECLARED_SELECTOR = YES;
				GCC_WARN_UNINITIALIZED_AUTOS = YES_AGGRESSIVE;
				GCC_WARN_UNUSED_FUNCTION = YES;
				GCC_WARN_UNUSED_VARIABLE = YES;
				IPHONEOS_DEPLOYMENT_TARGET = 9.2;
				MTL_ENABLE_DEBUG_INFO = YES;
				ONLY_ACTIVE_ARCH = YES;
				SDKROOT = iphoneos;
				SWIFT_OPTIMIZATION_LEVEL = "-Onone";
			};
			name = Debug;
		};
		4371D9B71C4F87E60065E76E /* Release */ = {
			isa = XCBuildConfiguration;
			buildSettings = {
				ALWAYS_SEARCH_USER_PATHS = NO;
				CLANG_CXX_LANGUAGE_STANDARD = "gnu++0x";
				CLANG_CXX_LIBRARY = "libc++";
				CLANG_ENABLE_MODULES = YES;
				CLANG_ENABLE_OBJC_ARC = YES;
				CLANG_WARN_BOOL_CONVERSION = YES;
				CLANG_WARN_CONSTANT_CONVERSION = YES;
				CLANG_WARN_DIRECT_OBJC_ISA_USAGE = YES_ERROR;
				CLANG_WARN_EMPTY_BODY = YES;
				CLANG_WARN_ENUM_CONVERSION = YES;
				CLANG_WARN_INFINITE_RECURSION = YES;
				CLANG_WARN_INT_CONVERSION = YES;
				CLANG_WARN_OBJC_ROOT_CLASS = YES_ERROR;
				CLANG_WARN_SUSPICIOUS_MOVE = YES;
				CLANG_WARN_UNREACHABLE_CODE = YES;
				CLANG_WARN__DUPLICATE_METHOD_MATCH = YES;
				"CODE_SIGN_IDENTITY[sdk=iphoneos*]" = "iPhone Developer";
				COPY_PHASE_STRIP = NO;
				DEBUG_INFORMATION_FORMAT = "dwarf-with-dsym";
				ENABLE_NS_ASSERTIONS = NO;
				ENABLE_STRICT_OBJC_MSGSEND = YES;
				GCC_C_LANGUAGE_STANDARD = gnu99;
				GCC_NO_COMMON_BLOCKS = YES;
				GCC_WARN_64_TO_32_BIT_CONVERSION = YES;
				GCC_WARN_ABOUT_RETURN_TYPE = YES_ERROR;
				GCC_WARN_UNDECLARED_SELECTOR = YES;
				GCC_WARN_UNINITIALIZED_AUTOS = YES_AGGRESSIVE;
				GCC_WARN_UNUSED_FUNCTION = YES;
				GCC_WARN_UNUSED_VARIABLE = YES;
				IPHONEOS_DEPLOYMENT_TARGET = 9.2;
				MTL_ENABLE_DEBUG_INFO = NO;
				SDKROOT = iphoneos;
				SWIFT_OPTIMIZATION_LEVEL = "-Owholemodule";
				VALIDATE_PRODUCT = YES;
			};
			name = Release;
		};
		4371D9B91C4F87E60065E76E /* Debug */ = {
			isa = XCBuildConfiguration;
			buildSettings = {
				ASSETCATALOG_COMPILER_APPICON_NAME = AppIcon;
				DEVELOPMENT_TEAM = 287LWMYEQ7;
				INFOPLIST_FILE = "bdd-presentation/Info.plist";
				LD_RUNPATH_SEARCH_PATHS = "$(inherited) @executable_path/Frameworks";
				PRODUCT_BUNDLE_IDENTIFIER = "mobi.dudek.bdd-presentation";
				PRODUCT_NAME = "$(TARGET_NAME)";
				SWIFT_VERSION = 3.0;
			};
			name = Debug;
		};
		4371D9BA1C4F87E60065E76E /* Release */ = {
			isa = XCBuildConfiguration;
			buildSettings = {
				ASSETCATALOG_COMPILER_APPICON_NAME = AppIcon;
				DEVELOPMENT_TEAM = 287LWMYEQ7;
				INFOPLIST_FILE = "bdd-presentation/Info.plist";
				LD_RUNPATH_SEARCH_PATHS = "$(inherited) @executable_path/Frameworks";
				PRODUCT_BUNDLE_IDENTIFIER = "mobi.dudek.bdd-presentation";
				PRODUCT_NAME = "$(TARGET_NAME)";
				SWIFT_VERSION = 3.0;
			};
			name = Release;
		};
		4371D9C71C4F87F20065E76E /* Debug */ = {
			isa = XCBuildConfiguration;
			baseConfigurationReference = A58F1556C327B7861FE65B64 /* Pods-bdd-presentation-specs.debug.xcconfig */;
			buildSettings = {
				ALWAYS_EMBED_SWIFT_STANDARD_LIBRARIES = YES;
				BUNDLE_LOADER = "$(TEST_HOST)";
				INFOPLIST_FILE = "bdd-presentation-specs/Info.plist";
				LD_RUNPATH_SEARCH_PATHS = "$(inherited) @executable_path/Frameworks @loader_path/Frameworks";
				PRODUCT_BUNDLE_IDENTIFIER = "mobi.dudek.bdd-presentation-specs";
				PRODUCT_NAME = "$(TARGET_NAME)";
				SWIFT_VERSION = 3.0;
				TEST_HOST = "$(BUILT_PRODUCTS_DIR)/bdd-presentation.app/bdd-presentation";
			};
			name = Debug;
		};
		4371D9C81C4F87F20065E76E /* Release */ = {
			isa = XCBuildConfiguration;
			baseConfigurationReference = 53AB629F5B8A310B8479AAD1 /* Pods-bdd-presentation-specs.release.xcconfig */;
			buildSettings = {
				ALWAYS_EMBED_SWIFT_STANDARD_LIBRARIES = YES;
				BUNDLE_LOADER = "$(TEST_HOST)";
				INFOPLIST_FILE = "bdd-presentation-specs/Info.plist";
				LD_RUNPATH_SEARCH_PATHS = "$(inherited) @executable_path/Frameworks @loader_path/Frameworks";
				PRODUCT_BUNDLE_IDENTIFIER = "mobi.dudek.bdd-presentation-specs";
				PRODUCT_NAME = "$(TARGET_NAME)";
				SWIFT_VERSION = 3.0;
				TEST_HOST = "$(BUILT_PRODUCTS_DIR)/bdd-presentation.app/bdd-presentation";
			};
			name = Release;
		};
/* End XCBuildConfiguration section */

/* Begin XCConfigurationList section */
		4371D9A11C4F87E60065E76E /* Build configuration list for PBXProject "bdd-presentation" */ = {
			isa = XCConfigurationList;
			buildConfigurations = (
				4371D9B61C4F87E60065E76E /* Debug */,
				4371D9B71C4F87E60065E76E /* Release */,
			);
			defaultConfigurationIsVisible = 0;
			defaultConfigurationName = Release;
		};
		4371D9B81C4F87E60065E76E /* Build configuration list for PBXNativeTarget "bdd-presentation" */ = {
			isa = XCConfigurationList;
			buildConfigurations = (
				4371D9B91C4F87E60065E76E /* Debug */,
				4371D9BA1C4F87E60065E76E /* Release */,
			);
			defaultConfigurationIsVisible = 0;
			defaultConfigurationName = Release;
		};
		4371D9C61C4F87F20065E76E /* Build configuration list for PBXNativeTarget "bdd-presentation-specs" */ = {
			isa = XCConfigurationList;
			buildConfigurations = (
				4371D9C71C4F87F20065E76E /* Debug */,
				4371D9C81C4F87F20065E76E /* Release */,
			);
			defaultConfigurationIsVisible = 0;
			defaultConfigurationName = Release;
		};
/* End XCConfigurationList section */
	};
	rootObject = 4371D99E1C4F87E60065E76E /* Project object */;
}
